
Microsoft Visual Studio Solution File, Format Version 12.00
# Visual Studio Version 17
VisualStudioVersion = 17.5.002.0
MinimumVisualStudioVersion = 10.0.40219.1
Project("{9A19103F-16F7-4668-BE54-9A1E7A4F7556}") = "PRJ4.Test", "PRJ4.Test.csproj", "{97C9DB86-0792-42E1-9C50-05D1E1FA4AEC}"
EndProject
Global
	GlobalSection(SolutionConfigurationPlatforms) = preSolution
		Debug|Any CPU = Debug|Any CPU
		Release|Any CPU = Release|Any CPU
	EndGlobalSection
	GlobalSection(ProjectConfigurationPlatforms) = postSolution
		{97C9DB86-0792-42E1-9C50-05D1E1FA4AEC}.Debug|Any CPU.ActiveCfg = Debug|Any CPU
		{97C9DB86-0792-42E1-9C50-05D1E1FA4AEC}.Debug|Any CPU.Build.0 = Debug|Any CPU
		{97C9DB86-0792-42E1-9C50-05D1E1FA4AEC}.Release|Any CPU.ActiveCfg = Release|Any CPU
		{97C9DB86-0792-42E1-9C50-05D1E1FA4AEC}.Release|Any CPU.Build.0 = Release|Any CPU
	EndGlobalSection
	GlobalSection(SolutionProperties) = preSolution
		HideSolutionNode = FALSE
	EndGlobalSection
	GlobalSection(ExtensibilityGlobals) = postSolution
		SolutionGuid = {FA127681-3911-404B-AB75-C76F9F4B3B47}
	EndGlobalSection
EndGlobal
