
Microsoft Visual Studio Solution File, Format Version 12.00
# Visual Studio Version 17
VisualStudioVersion = 17.5.002.0
MinimumVisualStudioVersion = 10.0.40219.1
Project("{2150E333-8FDC-42A3-9474-1A3956D46DE8}") = "Backend", "Backend", "{0D7A6F53-CAAC-4D27-92AC-CB255C1388F4}"
EndProject
Project("{9A19103F-16F7-4668-BE54-9A1E7A4F7556}") = "PRJ4", "Backend\PRJ4\PRJ4.csproj", "{929C48FE-C346-4E6A-9228-5E7D03DF66F4}"
EndProject
Global
	GlobalSection(SolutionConfigurationPlatforms) = preSolution
		Debug|Any CPU = Debug|Any CPU
		Release|Any CPU = Release|Any CPU
	EndGlobalSection
	GlobalSection(ProjectConfigurationPlatforms) = postSolution
		{929C48FE-C346-4E6A-9228-5E7D03DF66F4}.Debug|Any CPU.ActiveCfg = Debug|Any CPU
		{929C48FE-C346-4E6A-9228-5E7D03DF66F4}.Debug|Any CPU.Build.0 = Debug|Any CPU
		{929C48FE-C346-4E6A-9228-5E7D03DF66F4}.Release|Any CPU.ActiveCfg = Release|Any CPU
		{929C48FE-C346-4E6A-9228-5E7D03DF66F4}.Release|Any CPU.Build.0 = Release|Any CPU
	EndGlobalSection
	GlobalSection(SolutionProperties) = preSolution
		HideSolutionNode = FALSE
	EndGlobalSection
	GlobalSection(NestedProjects) = preSolution
		{929C48FE-C346-4E6A-9228-5E7D03DF66F4} = {0D7A6F53-CAAC-4D27-92AC-CB255C1388F4}
	EndGlobalSection
	GlobalSection(ExtensibilityGlobals) = postSolution
		SolutionGuid = {F3D5E091-BC5A-4A07-9823-E04C6AD44634}
	EndGlobalSection
EndGlobal
